// !$*UTF8*$!
{
	archiveVersion = 1;
	classes = {
	};
	objectVersion = 46;
	objects = {

/* Begin PBXBuildFile section */
		7A0C6ED21C82CCD4000563DA /* CoreDataStackManager.swift in Sources */ = {isa = PBXBuildFile; fileRef = 7A0C6ED11C82CCD4000563DA /* CoreDataStackManager.swift */; };
		7A0C6ED51C82CE8E000563DA /* Model.xcdatamodeld in Sources */ = {isa = PBXBuildFile; fileRef = 7A0C6ED31C82CE8E000563DA /* Model.xcdatamodeld */; };
		7A845B621C290015009BAF50 /* AppDelegate.swift in Sources */ = {isa = PBXBuildFile; fileRef = 7A845B611C290015009BAF50 /* AppDelegate.swift */; };
		7A845B641C290015009BAF50 /* GenerateMemeViewController.swift in Sources */ = {isa = PBXBuildFile; fileRef = 7A845B631C290015009BAF50 /* GenerateMemeViewController.swift */; };
		7A845B671C290015009BAF50 /* Main.storyboard in Resources */ = {isa = PBXBuildFile; fileRef = 7A845B651C290015009BAF50 /* Main.storyboard */; };
		7A845B691C290015009BAF50 /* Assets.xcassets in Resources */ = {isa = PBXBuildFile; fileRef = 7A845B681C290015009BAF50 /* Assets.xcassets */; };
		7A845B6C1C290015009BAF50 /* LaunchScreen.storyboard in Resources */ = {isa = PBXBuildFile; fileRef = 7A845B6A1C290015009BAF50 /* LaunchScreen.storyboard */; };
		7A845B741C2901C1009BAF50 /* MemeModel.swift in Sources */ = {isa = PBXBuildFile; fileRef = 7A845B731C2901C1009BAF50 /* MemeModel.swift */; };
		7A845B761C29052B009BAF50 /* TableViewCell.swift in Sources */ = {isa = PBXBuildFile; fileRef = 7A845B751C29052B009BAF50 /* TableViewCell.swift */; };
		7A845B781C290572009BAF50 /* CollectionViewCell.swift in Sources */ = {isa = PBXBuildFile; fileRef = 7A845B771C290572009BAF50 /* CollectionViewCell.swift */; };
		7A845B7A1C2905A7009BAF50 /* MemesTableViewController.swift in Sources */ = {isa = PBXBuildFile; fileRef = 7A845B791C2905A7009BAF50 /* MemesTableViewController.swift */; };
		7A845B7C1C2905ED009BAF50 /* MemeCollectionViewController.swift in Sources */ = {isa = PBXBuildFile; fileRef = 7A845B7B1C2905ED009BAF50 /* MemeCollectionViewController.swift */; };
		7A845B7E1C290630009BAF50 /* DisplayedMemeViewController.swift in Sources */ = {isa = PBXBuildFile; fileRef = 7A845B7D1C290630009BAF50 /* DisplayedMemeViewController.swift */; };
/* End PBXBuildFile section */

/* Begin PBXFileReference section */
		7A0C6ED11C82CCD4000563DA /* CoreDataStackManager.swift */ = {isa = PBXFileReference; fileEncoding = 4; lastKnownFileType = sourcecode.swift; path = CoreDataStackManager.swift; sourceTree = "<group>"; };
		7A0C6ED41C82CE8E000563DA /* Model.xcdatamodel */ = {isa = PBXFileReference; lastKnownFileType = wrapper.xcdatamodel; path = Model.xcdatamodel; sourceTree = "<group>"; };
		7A845B5E1C290015009BAF50 /* Meme2.0.app */ = {isa = PBXFileReference; explicitFileType = wrapper.application; includeInIndex = 0; path = Meme2.0.app; sourceTree = BUILT_PRODUCTS_DIR; };
		7A845B611C290015009BAF50 /* AppDelegate.swift */ = {isa = PBXFileReference; lastKnownFileType = sourcecode.swift; path = AppDelegate.swift; sourceTree = "<group>"; };
		7A845B631C290015009BAF50 /* GenerateMemeViewController.swift */ = {isa = PBXFileReference; lastKnownFileType = sourcecode.swift; path = GenerateMemeViewController.swift; sourceTree = "<group>"; };
		7A845B661C290015009BAF50 /* Base */ = {isa = PBXFileReference; lastKnownFileType = file.storyboard; name = Base; path = Base.lproj/Main.storyboard; sourceTree = "<group>"; };
		7A845B681C290015009BAF50 /* Assets.xcassets */ = {isa = PBXFileReference; lastKnownFileType = folder.assetcatalog; path = Assets.xcassets; sourceTree = "<group>"; };
		7A845B6B1C290015009BAF50 /* Base */ = {isa = PBXFileReference; lastKnownFileType = file.storyboard; name = Base; path = Base.lproj/LaunchScreen.storyboard; sourceTree = "<group>"; };
		7A845B6D1C290015009BAF50 /* Info.plist */ = {isa = PBXFileReference; lastKnownFileType = text.plist.xml; path = Info.plist; sourceTree = "<group>"; };
		7A845B731C2901C1009BAF50 /* MemeModel.swift */ = {isa = PBXFileReference; fileEncoding = 4; lastKnownFileType = sourcecode.swift; name = MemeModel.swift; path = ../MemeModel.swift; sourceTree = "<group>"; };
		7A845B751C29052B009BAF50 /* TableViewCell.swift */ = {isa = PBXFileReference; fileEncoding = 4; lastKnownFileType = sourcecode.swift; path = TableViewCell.swift; sourceTree = "<group>"; };
		7A845B771C290572009BAF50 /* CollectionViewCell.swift */ = {isa = PBXFileReference; fileEncoding = 4; lastKnownFileType = sourcecode.swift; path = CollectionViewCell.swift; sourceTree = "<group>"; };
		7A845B791C2905A7009BAF50 /* MemesTableViewController.swift */ = {isa = PBXFileReference; fileEncoding = 4; lastKnownFileType = sourcecode.swift; path = MemesTableViewController.swift; sourceTree = "<group>"; };
		7A845B7B1C2905ED009BAF50 /* MemeCollectionViewController.swift */ = {isa = PBXFileReference; fileEncoding = 4; lastKnownFileType = sourcecode.swift; path = MemeCollectionViewController.swift; sourceTree = "<group>"; };
		7A845B7D1C290630009BAF50 /* DisplayedMemeViewController.swift */ = {isa = PBXFileReference; fileEncoding = 4; lastKnownFileType = sourcecode.swift; path = DisplayedMemeViewController.swift; sourceTree = "<group>"; };
/* End PBXFileReference section */

/* Begin PBXFrameworksBuildPhase section */
		7A845B5B1C290015009BAF50 /* Frameworks */ = {
			isa = PBXFrameworksBuildPhase;
			buildActionMask = 2147483647;
			files = (
			);
			runOnlyForDeploymentPostprocessing = 0;
		};
/* End PBXFrameworksBuildPhase section */

/* Begin PBXGroup section */
		7A845B551C290015009BAF50 = {
			isa = PBXGroup;
			children = (
				7A845B601C290015009BAF50 /* Meme2.0 */,
				7A845B5F1C290015009BAF50 /* Products */,
			);
			sourceTree = "<group>";
		};
		7A845B5F1C290015009BAF50 /* Products */ = {
			isa = PBXGroup;
			children = (
				7A845B5E1C290015009BAF50 /* Meme2.0.app */,
			);
			name = Products;
			sourceTree = "<group>";
		};
		7A845B601C290015009BAF50 /* Meme2.0 */ = {
			isa = PBXGroup;
			children = (
				7A845B611C290015009BAF50 /* AppDelegate.swift */,
				7A0C6ED31C82CE8E000563DA /* Model.xcdatamodeld */,
				7A845B751C29052B009BAF50 /* TableViewCell.swift */,
				7A845B771C290572009BAF50 /* CollectionViewCell.swift */,
				7A845B791C2905A7009BAF50 /* MemesTableViewController.swift */,
				7A845B7B1C2905ED009BAF50 /* MemeCollectionViewController.swift */,
				7A845B7D1C290630009BAF50 /* DisplayedMemeViewController.swift */,
				7A845B631C290015009BAF50 /* GenerateMemeViewController.swift */,
				7A845B731C2901C1009BAF50 /* MemeModel.swift */,
				7A0C6ED11C82CCD4000563DA /* CoreDataStackManager.swift */,
				7A845B651C290015009BAF50 /* Main.storyboard */,
				7A845B681C290015009BAF50 /* Assets.xcassets */,
				7A845B6A1C290015009BAF50 /* LaunchScreen.storyboard */,
				7A845B6D1C290015009BAF50 /* Info.plist */,
			);
			path = Meme2.0;
			sourceTree = "<group>";
		};
/* End PBXGroup section */

/* Begin PBXNativeTarget section */
		7A845B5D1C290015009BAF50 /* Meme2.0 */ = {
			isa = PBXNativeTarget;
			buildConfigurationList = 7A845B701C290015009BAF50 /* Build configuration list for PBXNativeTarget "Meme2.0" */;
			buildPhases = (
				7A845B5A1C290015009BAF50 /* Sources */,
				7A845B5B1C290015009BAF50 /* Frameworks */,
				7A845B5C1C290015009BAF50 /* Resources */,
			);
			buildRules = (
			);
			dependencies = (
			);
			name = Meme2.0;
			productName = Meme2.0;
			productReference = 7A845B5E1C290015009BAF50 /* Meme2.0.app */;
			productType = "com.apple.product-type.application";
		};
/* End PBXNativeTarget section */

/* Begin PBXProject section */
		7A845B561C290015009BAF50 /* Project object */ = {
			isa = PBXProject;
			attributes = {
				LastSwiftUpdateCheck = 0720;
				LastUpgradeCheck = 0720;
				ORGANIZATIONNAME = "Eric Hodgins";
				TargetAttributes = {
					7A845B5D1C290015009BAF50 = {
						CreatedOnToolsVersion = 7.2;
					};
				};
			};
			buildConfigurationList = 7A845B591C290015009BAF50 /* Build configuration list for PBXProject "Meme2.0" */;
			compatibilityVersion = "Xcode 3.2";
			developmentRegion = English;
			hasScannedForEncodings = 0;
			knownRegions = (
				en,
				Base,
			);
			mainGroup = 7A845B551C290015009BAF50;
			productRefGroup = 7A845B5F1C290015009BAF50 /* Products */;
			projectDirPath = "";
			projectRoot = "";
			targets = (
				7A845B5D1C290015009BAF50 /* Meme2.0 */,
			);
		};
/* End PBXProject section */

/* Begin PBXResourcesBuildPhase section */
		7A845B5C1C290015009BAF50 /* Resources */ = {
			isa = PBXResourcesBuildPhase;
			buildActionMask = 2147483647;
			files = (
				7A845B6C1C290015009BAF50 /* LaunchScreen.storyboard in Resources */,
				7A845B691C290015009BAF50 /* Assets.xcassets in Resources */,
				7A845B671C290015009BAF50 /* Main.storyboard in Resources */,
			);
			runOnlyForDeploymentPostprocessing = 0;
		};
/* End PBXResourcesBuildPhase section */

/* Begin PBXSourcesBuildPhase section */
		7A845B5A1C290015009BAF50 /* Sources */ = {
			isa = PBXSourcesBuildPhase;
			buildActionMask = 2147483647;
			files = (
				7A845B781C290572009BAF50 /* CollectionViewCell.swift in Sources */,
				7A845B7A1C2905A7009BAF50 /* MemesTableViewController.swift in Sources */,
				7A0C6ED21C82CCD4000563DA /* CoreDataStackManager.swift in Sources */,
				7A845B7E1C290630009BAF50 /* DisplayedMemeViewController.swift in Sources */,
				7A845B641C290015009BAF50 /* GenerateMemeViewController.swift in Sources */,
				7A845B761C29052B009BAF50 /* TableViewCell.swift in Sources */,
				7A845B7C1C2905ED009BAF50 /* MemeCollectionViewController.swift in Sources */,
				7A0C6ED51C82CE8E000563DA /* Model.xcdatamodeld in Sources */,
				7A845B741C2901C1009BAF50 /* MemeModel.swift in Sources */,
				7A845B621C290015009BAF50 /* AppDelegate.swift in Sources */,
			);
			runOnlyForDeploymentPostprocessing = 0;
		};
/* End PBXSourcesBuildPhase section */

/* Begin PBXVariantGroup section */
		7A845B651C290015009BAF50 /* Main.storyboard */ = {
			isa = PBXVariantGroup;
			children = (
				7A845B661C290015009BAF50 /* Base */,
			);
			name = Main.storyboard;
			sourceTree = "<group>";
		};
		7A845B6A1C290015009BAF50 /* LaunchScreen.storyboard */ = {
			isa = PBXVariantGroup;
			children = (
				7A845B6B1C290015009BAF50 /* Base */,
			);
			name = LaunchScreen.storyboard;
			sourceTree = "<group>";
		};
/* End PBXVariantGroup section */

/* Begin XCBuildConfiguration section */
		7A845B6E1C290015009BAF50 /* Debug */ = {
			isa = XCBuildConfiguration;
			buildSettings = {
				ALWAYS_SEARCH_USER_PATHS = NO;
				CLANG_CXX_LANGUAGE_STANDARD = "gnu++0x";
				CLANG_CXX_LIBRARY = "libc++";
				CLANG_ENABLE_MODULES = YES;
				CLANG_ENABLE_OBJC_ARC = YES;
				CLANG_WARN_BOOL_CONVERSION = YES;
				CLANG_WARN_CONSTANT_CONVERSION = YES;
				CLANG_WARN_DIRECT_OBJC_ISA_USAGE = YES_ERROR;
				CLANG_WARN_EMPTY_BODY = YES;
				CLANG_WARN_ENUM_CONVERSION = YES;
				CLANG_WARN_INT_CONVERSION = YES;
				CLANG_WARN_OBJC_ROOT_CLASS = YES_ERROR;
				CLANG_WARN_UNREACHABLE_CODE = YES;
				CLANG_WARN__DUPLICATE_METHOD_MATCH = YES;
				"CODE_SIGN_IDENTITY[sdk=iphoneos*]" = "iPhone Developer";
				COPY_PHASE_STRIP = NO;
				DEBUG_INFORMATION_FORMAT = dwarf;
				ENABLE_STRICT_OBJC_MSGSEND = YES;
				ENABLE_TESTABILITY = YES;
				GCC_C_LANGUAGE_STANDARD = gnu99;
				GCC_DYNAMIC_NO_PIC = NO;
				GCC_NO_COMMON_BLOCKS = YES;
				GCC_OPTIMIZATION_LEVEL = 0;
				GCC_PREPROCESSOR_DEFINITIONS = (
					"DEBUG=1",
					"$(inherited)",
				);
				GCC_WARN_64_TO_32_BIT_CONVERSION = YES;
				GCC_WARN_ABOUT_RETURN_TYPE = YES_ERROR;
				GCC_WARN_UNDECLARED_SELECTOR = YES;
				GCC_WARN_UNINITIALIZED_AUTOS = YES_AGGRESSIVE;
				GCC_WARN_UNUSED_FUNCTION = YES;
				GCC_WARN_UNUSED_VARIABLE = YES;
				IPHONEOS_DEPLOYMENT_TARGET = 9.2;
				MTL_ENABLE_DEBUG_INFO = YES;
				ONLY_ACTIVE_ARCH = YES;
				SDKROOT = iphoneos;
				SWIFT_OPTIMIZATION_LEVEL = "-Onone";
			};
			name = Debug;
		};
		7A845B6F1C290015009BAF50 /* Release */ = {
			isa = XCBuildConfiguration;
			buildSettings = {
				ALWAYS_SEARCH_USER_PATHS = NO;
				CLANG_CXX_LANGUAGE_STANDARD = "gnu++0x";
				CLANG_CXX_LIBRARY = "libc++";
				CLANG_ENABLE_MODULES = YES;
				CLANG_ENABLE_OBJC_ARC = YES;
				CLANG_WARN_BOOL_CONVERSION = YES;
				CLANG_WARN_CONSTANT_CONVERSION = YES;
				CLANG_WARN_DIRECT_OBJC_ISA_USAGE = YES_ERROR;
				CLANG_WARN_EMPTY_BODY = YES;
				CLANG_WARN_ENUM_CONVERSION = YES;
				CLANG_WARN_INT_CONVERSION = YES;
				CLANG_WARN_OBJC_ROOT_CLASS = YES_ERROR;
				CLANG_WARN_UNREACHABLE_CODE = YES;
				CLANG_WARN__DUPLICATE_METHOD_MATCH = YES;
				"CODE_SIGN_IDENTITY[sdk=iphoneos*]" = "iPhone Developer";
				COPY_PHASE_STRIP = NO;
				DEBUG_INFORMATION_FORMAT = "dwarf-with-dsym";
				ENABLE_NS_ASSERTIONS = NO;
				ENABLE_STRICT_OBJC_MSGSEND = YES;
				GCC_C_LANGUAGE_STANDARD = gnu99;
				GCC_NO_COMMON_BLOCKS = YES;
				GCC_WARN_64_TO_32_BIT_CONVERSION = YES;
				GCC_WARN_ABOUT_RETURN_TYPE = YES_ERROR;
				GCC_WARN_UNDECLARED_SELECTOR = YES;
				GCC_WARN_UNINITIALIZED_AUTOS = YES_AGGRESSIVE;
				GCC_WARN_UNUSED_FUNCTION = YES;
				GCC_WARN_UNUSED_VARIABLE = YES;
				IPHONEOS_DEPLOYMENT_TARGET = 9.2;
				MTL_ENABLE_DEBUG_INFO = NO;
				SDKROOT = iphoneos;
				VALIDATE_PRODUCT = YES;
			};
			name = Release;
		};
		7A845B711C290015009BAF50 /* Debug */ = {
			isa = XCBuildConfiguration;
			buildSettings = {
				ASSETCATALOG_COMPILER_APPICON_NAME = AppIcon;
				INFOPLIST_FILE = Meme2.0/Info.plist;
				LD_RUNPATH_SEARCH_PATHS = "$(inherited) @executable_path/Frameworks";
				PRODUCT_BUNDLE_IDENTIFIER = "com.erichodgins.Meme2-0";
				PRODUCT_NAME = "$(TARGET_NAME)";
			};
			name = Debug;
		};
		7A845B721C290015009BAF50 /* Release */ = {
			isa = XCBuildConfiguration;
			buildSettings = {
				ASSETCATALOG_COMPILER_APPICON_NAME = AppIcon;
				INFOPLIST_FILE = Meme2.0/Info.plist;
				LD_RUNPATH_SEARCH_PATHS = "$(inherited) @executable_path/Frameworks";
				PRODUCT_BUNDLE_IDENTIFIER = "com.erichodgins.Meme2-0";
				PRODUCT_NAME = "$(TARGET_NAME)";
			};
			name = Release;
		};
/* End XCBuildConfiguration section */

/* Begin XCConfigurationList section */
		7A845B591C290015009BAF50 /* Build configuration list for PBXProject "Meme2.0" */ = {
			isa = XCConfigurationList;
			buildConfigurations = (
				7A845B6E1C290015009BAF50 /* Debug */,
				7A845B6F1C290015009BAF50 /* Release */,
			);
			defaultConfigurationIsVisible = 0;
			defaultConfigurationName = Release;
		};
		7A845B701C290015009BAF50 /* Build configuration list for PBXNativeTarget "Meme2.0" */ = {
			isa = XCConfigurationList;
			buildConfigurations = (
				7A845B711C290015009BAF50 /* Debug */,
				7A845B721C290015009BAF50 /* Release */,
			);
			defaultConfigurationIsVisible = 0;
			defaultConfigurationName = Release;
		};
/* End XCConfigurationList section */

/* Begin XCVersionGroup section */
		7A0C6ED31C82CE8E000563DA /* Model.xcdatamodeld */ = {
			isa = XCVersionGroup;
			children = (
				7A0C6ED41C82CE8E000563DA /* Model.xcdatamodel */,
			);
			currentVersion = 7A0C6ED41C82CE8E000563DA /* Model.xcdatamodel */;
			path = Model.xcdatamodeld;
			sourceTree = "<group>";
			versionGroupType = wrapper.xcdatamodel;
		};
/* End XCVersionGroup section */
	};
	rootObject = 7A845B561C290015009BAF50 /* Project object */;
}
